{
  "lockfile_version": "1",
  "packages": {
    "awscli2@2.15.15": {
      "last_modified": "2024-03-08T13:51:52Z",
      "resolved": "github:NixOS/nixpkgs/a343533bccc62400e8a9560423486a3b6c11a23b#awscli2",
      "source": "devbox-search",
      "version": "2.15.15",
      "systems": {
        "aarch64-darwin": {
          "outputs": [
            {
              "name": "out",
              "path": "/nix/store/y4h1qdxyiijl9l4147rsmhzkxdwizdm1-awscli2-2.15.15",
              "default": true
            },
            {
              "name": "dist",
              "path": "/nix/store/9f9dyxfb7g5mpkh4pinl8nqpmxl9a69v-awscli2-2.15.15-dist"
            }
          ],
          "store_path": "/nix/store/y4h1qdxyiijl9l4147rsmhzkxdwizdm1-awscli2-2.15.15"
        },
        "aarch64-linux": {
          "outputs": [
            {
              "name": "out",
              "path": "/nix/store/kjmg7mlv0nna1psbvaj7nw9l7x3kasq8-awscli2-2.15.15",
              "default": true
            },
            {
              "name": "dist",
              "path": "/nix/store/ynm85gn3l6df62v263dsa4cbqhp1bzns-awscli2-2.15.15-dist"
            }
          ],
          "store_path": "/nix/store/kjmg7mlv0nna1psbvaj7nw9l7x3kasq8-awscli2-2.15.15"
        },
        "x86_64-darwin": {
          "outputs": [
            {
              "name": "out",
              "path": "/nix/store/g340831j83l7k19nw5y2hig6vasf14c6-awscli2-2.15.15",
              "default": true
            },
            {
              "name": "dist",
              "path": "/nix/store/5r79kz9j10hr29w3qzgn3jv9svvir6rn-awscli2-2.15.15-dist"
            }
          ],
          "store_path": "/nix/store/g340831j83l7k19nw5y2hig6vasf14c6-awscli2-2.15.15"
        },
        "x86_64-linux": {
          "outputs": [
            {
              "name": "out",
              "path": "/nix/store/cn8zgclack6nlmh5p36nxzxczj3fj0pm-awscli2-2.15.15",
              "default": true
            },
            {
              "name": "dist",
              "path": "/nix/store/7pzsvj34qm468qhjsccmngq3dzjqchgn-awscli2-2.15.15-dist"
            }
          ],
          "store_path": "/nix/store/cn8zgclack6nlmh5p36nxzxczj3fj0pm-awscli2-2.15.15"
        }
      }
    },
    "azure-cli@2.60.0": {
      "last_modified": "2024-06-12T20:55:33Z",
      "resolved": "github:NixOS/nixpkgs/a9858885e197f984d92d7fe64e9fff6b2e488d40#azure-cli",
      "source": "devbox-search",
      "version": "2.60.0",
      "systems": {
        "aarch64-darwin": {
          "outputs": [
            {
              "name": "out",
              "path": "/nix/store/3m9wjmz9i0q7xfsfv8ilh9swnnh7642w-python3.11-azure-cli-2.60.0",
              "default": true
            },
            {
              "name": "dist",
              "path": "/nix/store/x65a83qzkfzg91p2yz9y4j5hmba4kc6j-python3.11-azure-cli-2.60.0-dist"
            }
          ],
          "store_path": "/nix/store/3m9wjmz9i0q7xfsfv8ilh9swnnh7642w-python3.11-azure-cli-2.60.0"
        },
        "aarch64-linux": {
          "outputs": [
            {
              "name": "out",
              "path": "/nix/store/r4nq92mg049xhd2ivf7agc08fzm1swdz-python3.11-azure-cli-2.60.0",
              "default": true
            },
            {
              "name": "dist",
              "path": "/nix/store/q6fzrbabnkan53hpzagzk927i7ii6d7s-python3.11-azure-cli-2.60.0-dist"
            }
          ],
          "store_path": "/nix/store/r4nq92mg049xhd2ivf7agc08fzm1swdz-python3.11-azure-cli-2.60.0"
        },
        "x86_64-darwin": {
          "outputs": [
            {
              "name": "out",
              "path": "/nix/store/kfd5hwbqk3mh2h186r4fmn6237vsdn17-python3.11-azure-cli-2.60.0",
              "default": true
            },
            {
              "name": "dist",
              "path": "/nix/store/f74hib7i00hszbx32n0h9qdrb8z2flkr-python3.11-azure-cli-2.60.0-dist"
            }
          ],
          "store_path": "/nix/store/kfd5hwbqk3mh2h186r4fmn6237vsdn17-python3.11-azure-cli-2.60.0"
        },
        "x86_64-linux": {
          "outputs": [
            {
              "name": "out",
              "path": "/nix/store/s4zl8787w3g8g794ff4hpbmbc13gqrs5-python3.11-azure-cli-2.60.0",
              "default": true
            },
            {
              "name": "dist",
              "path": "/nix/store/ylxb9zc50cf0prcnfp4msc7rxa2aj6mw-python3.11-azure-cli-2.60.0-dist"
            }
          ],
          "store_path": "/nix/store/s4zl8787w3g8g794ff4hpbmbc13gqrs5-python3.11-azure-cli-2.60.0"
        }
      }
    },
    "bat@0.24.0": {
      "last_modified": "2024-12-23T21:10:33Z",
      "resolved": "github:NixOS/nixpkgs/de1864217bfa9b5845f465e771e0ecb48b30e02d#bat",
      "source": "devbox-search",
      "version": "0.24.0",
      "systems": {
        "aarch64-darwin": {
          "outputs": [
            {
              "name": "out",
              "path": "/nix/store/ji62ssis7jbfh2fb3xd5iwyj4n1cizk5-bat-0.24.0",
              "default": true
            }
          ],
          "store_path": "/nix/store/ji62ssis7jbfh2fb3xd5iwyj4n1cizk5-bat-0.24.0"
        },
        "aarch64-linux": {
          "outputs": [
            {
              "name": "out",
              "path": "/nix/store/rcq4cvwzz5z10lb2iafxz7dpqlhfz788-bat-0.24.0",
              "default": true
            }
          ],
          "store_path": "/nix/store/rcq4cvwzz5z10lb2iafxz7dpqlhfz788-bat-0.24.0"
        },
        "x86_64-darwin": {
          "outputs": [
            {
              "name": "out",
              "path": "/nix/store/hwi5ynxsvrfny50gsnws3dxr9ajybp76-bat-0.24.0",
              "default": true
            }
          ],
          "store_path": "/nix/store/hwi5ynxsvrfny50gsnws3dxr9ajybp76-bat-0.24.0"
        },
        "x86_64-linux": {
          "outputs": [
            {
              "name": "out",
              "path": "/nix/store/s01ih05das85a4w59f1fdsh1cra5svcv-bat-0.24.0",
              "default": true
            }
          ],
          "store_path": "/nix/store/s01ih05das85a4w59f1fdsh1cra5svcv-bat-0.24.0"
        }
      }
    },
    "crossplane-cli@1.15.1": {
      "last_modified": "2024-04-02T02:53:36Z",
      "resolved": "github:NixOS/nixpkgs/080a4a27f206d07724b88da096e27ef63401a504#crossplane-cli",
      "source": "devbox-search",
      "version": "1.15.1",
      "systems": {
        "aarch64-darwin": {
          "outputs": [
            {
              "name": "out",
              "path": "/nix/store/qmdbf4spf1bqyijv9x067k9h88slifi1-crossplane-cli-1.15.1",
              "default": true
            }
          ],
          "store_path": "/nix/store/qmdbf4spf1bqyijv9x067k9h88slifi1-crossplane-cli-1.15.1"
        },
        "aarch64-linux": {
          "outputs": [
            {
              "name": "out",
              "path": "/nix/store/46vz72z2nx4x5vi1fvvg0v9ca8y52cn6-crossplane-cli-1.15.1",
              "default": true
            }
          ],
          "store_path": "/nix/store/46vz72z2nx4x5vi1fvvg0v9ca8y52cn6-crossplane-cli-1.15.1"
        },
        "x86_64-darwin": {
          "outputs": [
            {
              "name": "out",
              "path": "/nix/store/0whacx1aqi8m9d966i1ldnpzsqifhkmr-crossplane-cli-1.15.1",
              "default": true
            }
          ],
          "store_path": "/nix/store/0whacx1aqi8m9d966i1ldnpzsqifhkmr-crossplane-cli-1.15.1"
        },
        "x86_64-linux": {
          "outputs": [
            {
              "name": "out",
              "path": "/nix/store/jcxk98by12z8ibrmsqx10im81lxp5lym-crossplane-cli-1.15.1",
              "default": true
            }
          ],
          "store_path": "/nix/store/jcxk98by12z8ibrmsqx10im81lxp5lym-crossplane-cli-1.15.1"
        }
      }
    },
    "github:NixOS/nixpkgs/nixpkgs-unstable": {
      "resolved": "github:NixOS/nixpkgs/f3a2a0601e9669a6e38af25b46ce6c4563bcb6da?lastModified=1742738698&narHash=sha256-KCtAXWwQs03JmEhP4ss59QVzT%2BrHZkhQO85KjNy8Crc%3D"
    },
    "gum@0.13.0": {
      "last_modified": "2024-04-19T21:36:04Z",
      "resolved": "github:NixOS/nixpkgs/92d295f588631b0db2da509f381b4fb1e74173c5#gum",
      "source": "devbox-search",
      "version": "0.13.0",
      "systems": {
        "aarch64-darwin": {
          "outputs": [
            {
              "name": "out",
              "path": "/nix/store/rv7y82ylid613qkg947a1icajp41jhr1-gum-0.13.0",
              "default": true
            }
          ],
          "store_path": "/nix/store/rv7y82ylid613qkg947a1icajp41jhr1-gum-0.13.0"
        },
        "aarch64-linux": {
          "outputs": [
            {
              "name": "out",
              "path": "/nix/store/mcbsnqvcz9q3j6mnbpwy5brid0zgzll6-gum-0.13.0",
              "default": true
            }
          ],
          "store_path": "/nix/store/mcbsnqvcz9q3j6mnbpwy5brid0zgzll6-gum-0.13.0"
        },
        "x86_64-darwin": {
          "outputs": [
            {
              "name": "out",
              "path": "/nix/store/vf21qsvvsmfs9diw5bk9b32iavp9pdfx-gum-0.13.0",
              "default": true
            }
          ],
          "store_path": "/nix/store/vf21qsvvsmfs9diw5bk9b32iavp9pdfx-gum-0.13.0"
        },
        "x86_64-linux": {
          "outputs": [
            {
              "name": "out",
              "path": "/nix/store/lmc0z0s5zlq5vvyv5y0cxhi727dzvq02-gum-0.13.0",
              "default": true
            }
          ],
          "store_path": "/nix/store/lmc0z0s5zlq5vvyv5y0cxhi727dzvq02-gum-0.13.0"
        }
      }
    },
    "kind@0.22.0": {
      "last_modified": "2024-05-12T16:19:40Z",
      "resolved": "github:NixOS/nixpkgs/3281bec7174f679eabf584591e75979a258d8c40#kind",
      "source": "devbox-search",
      "version": "0.22.0",
      "systems": {
        "aarch64-darwin": {
          "outputs": [
            {
              "name": "out",
              "path": "/nix/store/9q02nhq0kcgzg20qj6ryp2bp4y35xhfh-kind-0.22.0",
              "default": true
            }
          ],
          "store_path": "/nix/store/9q02nhq0kcgzg20qj6ryp2bp4y35xhfh-kind-0.22.0"
        },
        "aarch64-linux": {
          "outputs": [
            {
              "name": "out",
              "path": "/nix/store/d8a0kilw59zmjb23017pv0ickwfm9d3k-kind-0.22.0",
              "default": true
            }
          ],
          "store_path": "/nix/store/d8a0kilw59zmjb23017pv0ickwfm9d3k-kind-0.22.0"
        },
        "x86_64-darwin": {
          "outputs": [
            {
              "name": "out",
              "path": "/nix/store/qk7x2bqfyfkyg99xflf099sxqmm5lkd5-kind-0.22.0",
              "default": true
            }
          ],
          "store_path": "/nix/store/qk7x2bqfyfkyg99xflf099sxqmm5lkd5-kind-0.22.0"
        },
        "x86_64-linux": {
          "outputs": [
            {
              "name": "out",
              "path": "/nix/store/kz3jy99ybz3xjxayfbk4nyrb1bfc8zhb-kind-0.22.0",
              "default": true
            }
          ],
          "store_path": "/nix/store/kz3jy99ybz3xjxayfbk4nyrb1bfc8zhb-kind-0.22.0"
        }
      }
    },
    "kubectl@1.29.3": {
      "last_modified": "2024-04-02T02:53:36Z",
      "resolved": "github:NixOS/nixpkgs/080a4a27f206d07724b88da096e27ef63401a504#kubectl",
      "source": "devbox-search",
      "version": "1.29.3",
      "systems": {
        "aarch64-darwin": {
          "outputs": [
            {
              "name": "out",
              "path": "/nix/store/mwgqp6zwilqs7hbai4qgsjrm026swwcb-kubectl-1.29.3",
              "default": true
            },
            {
              "name": "man",
              "path": "/nix/store/hncrp6rqdgvap4p8c288wvs51x1bnpph-kubectl-1.29.3-man",
              "default": true
            },
            {
              "name": "convert",
              "path": "/nix/store/c62nnj48g2fgvllhh9mpfbmj2bh7rxw8-kubectl-1.29.3-convert"
            }
          ],
          "store_path": "/nix/store/mwgqp6zwilqs7hbai4qgsjrm026swwcb-kubectl-1.29.3"
        },
        "aarch64-linux": {
          "outputs": [
            {
              "name": "out",
              "path": "/nix/store/0fwa4sc3bckja8f1ckwi32mc374ddj3d-kubectl-1.29.3",
              "default": true
            },
            {
              "name": "man",
              "path": "/nix/store/iadlazb0vkphbmzzhw8z1v1kd7jmc9y8-kubectl-1.29.3-man",
              "default": true
            },
            {
              "name": "convert",
              "path": "/nix/store/b93q3zs73ggm9cph25x97g7qnzpplfnr-kubectl-1.29.3-convert"
            }
          ],
          "store_path": "/nix/store/0fwa4sc3bckja8f1ckwi32mc374ddj3d-kubectl-1.29.3"
        },
        "x86_64-darwin": {
          "outputs": [
            {
              "name": "out",
              "path": "/nix/store/b89fxmb95bdpns6vkn5y3mi7q2qy52r0-kubectl-1.29.3",
              "default": true
            },
            {
              "name": "man",
              "path": "/nix/store/q0m5jimjkvbcvbiw1vclbqpm9m7b2g8a-kubectl-1.29.3-man",
              "default": true
            },
            {
              "name": "convert",
              "path": "/nix/store/gkphb8sahz8zc109p6mqaifd0asfrwkb-kubectl-1.29.3-convert"
            }
          ],
          "store_path": "/nix/store/b89fxmb95bdpns6vkn5y3mi7q2qy52r0-kubectl-1.29.3"
        },
        "x86_64-linux": {
          "outputs": [
            {
              "name": "out",
              "path": "/nix/store/32zfz5pzklvv44hmr17bbs3mh94mwsjz-kubectl-1.29.3",
              "default": true
            },
            {
              "name": "man",
              "path": "/nix/store/41hhqxvlyvwj2rfwlnilvfzjsp51iv4g-kubectl-1.29.3-man",
              "default": true
            },
            {
              "name": "convert",
              "path": "/nix/store/d1fyx4akfgsl9xvfsxlgjl7k39wwgr9a-kubectl-1.29.3-convert"
            }
          ],
          "store_path": "/nix/store/32zfz5pzklvv44hmr17bbs3mh94mwsjz-kubectl-1.29.3"
        }
      }
    },
    "kubernetes-helm@3.14.3": {
      "last_modified": "2024-04-02T02:53:36Z",
      "resolved": "github:NixOS/nixpkgs/080a4a27f206d07724b88da096e27ef63401a504#kubernetes-helm",
      "source": "devbox-search",
      "version": "3.14.3",
      "systems": {
        "aarch64-darwin": {
          "outputs": [
            {
              "name": "out",
              "path": "/nix/store/cvig4zpp15dx32i2nf7ac4yic4v1n5zf-kubernetes-helm-3.14.3",
              "default": true
            }
          ],
          "store_path": "/nix/store/cvig4zpp15dx32i2nf7ac4yic4v1n5zf-kubernetes-helm-3.14.3"
        },
        "aarch64-linux": {
          "outputs": [
            {
              "name": "out",
              "path": "/nix/store/y4zcgyg6nylp5552bxnpk8nq750ayybp-kubernetes-helm-3.14.3",
              "default": true
            }
          ],
          "store_path": "/nix/store/y4zcgyg6nylp5552bxnpk8nq750ayybp-kubernetes-helm-3.14.3"
        },
        "x86_64-darwin": {
          "outputs": [
            {
              "name": "out",
              "path": "/nix/store/08ajanhxpc5k2zsdyzidr3vy40s9yl9f-kubernetes-helm-3.14.3",
              "default": true
            }
          ],
          "store_path": "/nix/store/08ajanhxpc5k2zsdyzidr3vy40s9yl9f-kubernetes-helm-3.14.3"
        },
        "x86_64-linux": {
          "outputs": [
            {
              "name": "out",
              "path": "/nix/store/5grpp9pbxdvz385lmbhaxnwmj89hyx7j-kubernetes-helm-3.14.3",
              "default": true
            }
          ],
          "store_path": "/nix/store/5grpp9pbxdvz385lmbhaxnwmj89hyx7j-kubernetes-helm-3.14.3"
        }
      }
    },
    "teller@2.0.7": {
      "last_modified": "2025-10-22T20:59:19Z",
      "resolved": "github:NixOS/nixpkgs/01b6809f7f9d1183a2b3e081f0a1e6f8f415cb09#teller",
      "source": "devbox-search",
      "version": "2.0.7",
      "systems": {
        "aarch64-darwin": {
          "outputs": [
            {
              "name": "out",
              "path": "/nix/store/5c8f97a8jma42jf8ldk1ikmx691pbvcz-teller-2.0.7",
              "default": true
            }
          ],
          "store_path": "/nix/store/5c8f97a8jma42jf8ldk1ikmx691pbvcz-teller-2.0.7"
        },
        "aarch64-linux": {
          "outputs": [
            {
              "name": "out",
              "path": "/nix/store/4vk8304vsacnxq93z4xsmz68byasxl50-teller-2.0.7",
              "default": true
            }
          ],
          "store_path": "/nix/store/4vk8304vsacnxq93z4xsmz68byasxl50-teller-2.0.7"
        },
        "x86_64-darwin": {
          "outputs": [
            {
              "name": "out",
              "path": "/nix/store/1yd49vk0a7mpwasbwdkp930n30fb3vdy-teller-2.0.7",
              "default": true
            }
          ],
          "store_path": "/nix/store/1yd49vk0a7mpwasbwdkp930n30fb3vdy-teller-2.0.7"
        },
        "x86_64-linux": {
          "outputs": [
            {
              "name": "out",
              "path": "/nix/store/a3cmr63d1mdp57rcz92cb76n395xdrpm-teller-2.0.7",
              "default": true
            }
          ],
          "store_path": "/nix/store/a3cmr63d1mdp57rcz92cb76n395xdrpm-teller-2.0.7"
        }
      }
    },
    "viddy@0.4.0": {
      "last_modified": "2024-08-14T11:41:26Z",
      "resolved": "github:NixOS/nixpkgs/0cb2fd7c59fed0cd82ef858cbcbdb552b9a33465#viddy",
      "source": "devbox-search",
      "version": "0.4.0",
      "systems": {
        "aarch64-darwin": {
          "outputs": [
            {
              "name": "out",
              "path": "/nix/store/0g8895r27izzkrkr62s56iicakrvips4-viddy-0.4.0",
              "default": true
            }
          ],
          "store_path": "/nix/store/0g8895r27izzkrkr62s56iicakrvips4-viddy-0.4.0"
        },
        "aarch64-linux": {
          "outputs": [
            {
              "name": "out",
              "path": "/nix/store/c88zmbs9k61k14vp0snv3y0n852y1fiv-viddy-0.4.0",
              "default": true
            }
          ],
          "store_path": "/nix/store/c88zmbs9k61k14vp0snv3y0n852y1fiv-viddy-0.4.0"
        },
        "x86_64-darwin": {
          "outputs": [
            {
              "name": "out",
              "path": "/nix/store/x0x2jg4fpd2x9wiyfnpm6c5kl90av15b-viddy-0.4.0",
              "default": true
            }
          ],
          "store_path": "/nix/store/x0x2jg4fpd2x9wiyfnpm6c5kl90av15b-viddy-0.4.0"
        },
        "x86_64-linux": {
          "outputs": [
            {
              "name": "out",
              "path": "/nix/store/bgzlzrdwhqbyzwkdcw9ykf0nrws0771f-viddy-0.4.0",
              "default": true
            }
          ],
          "store_path": "/nix/store/bgzlzrdwhqbyzwkdcw9ykf0nrws0771f-viddy-0.4.0"
        }
      }
    },
    "yq-go@4.43.1": {
      "last_modified": "2024-05-03T15:42:32Z",
      "resolved": "github:NixOS/nixpkgs/5fd8536a9a5932d4ae8de52b7dc08d92041237fc#yq-go",
      "source": "devbox-search",
      "version": "4.43.1",
      "systems": {
        "aarch64-darwin": {
          "outputs": [
            {
              "name": "out",
              "path": "/nix/store/m7mw41jd42w5ccx52nz2d3r4jsjm0xvl-yq-go-4.43.1",
              "default": true
            }
          ],
          "store_path": "/nix/store/m7mw41jd42w5ccx52nz2d3r4jsjm0xvl-yq-go-4.43.1"
        },
        "aarch64-linux": {
          "outputs": [
            {
              "name": "out",
              "path": "/nix/store/wkrxvkgs094ybshniiyfhagyiqjqhmy5-yq-go-4.43.1",
              "default": true
            }
          ],
          "store_path": "/nix/store/wkrxvkgs094ybshniiyfhagyiqjqhmy5-yq-go-4.43.1"
        },
        "x86_64-darwin": {
          "outputs": [
            {
              "name": "out",
              "path": "/nix/store/yw7sqw9adsg7zwywgjj5zz804gbjh5n0-yq-go-4.43.1",
              "default": true
            }
          ],
          "store_path": "/nix/store/yw7sqw9adsg7zwywgjj5zz804gbjh5n0-yq-go-4.43.1"
        },
        "x86_64-linux": {
          "outputs": [
            {
              "name": "out",
              "path": "/nix/store/3dqrcjcsqpdlz9qzq18d1xx8ivgdlg80-yq-go-4.43.1",
              "default": true
            }
          ],
          "store_path": "/nix/store/3dqrcjcsqpdlz9qzq18d1xx8ivgdlg80-yq-go-4.43.1"
        }
      }
    }
  }
}
