{
  "lockfile_version": "1",
  "packages": {
    "awscli2@2.24.24": {
      "last_modified": "2025-03-18T04:27:45Z",
      "resolved": "github:NixOS/nixpkgs/3549532663732bfd89993204d40543e9edaec4f2#awscli2",
      "source": "devbox-search",
      "version": "2.24.24",
      "systems": {
        "aarch64-darwin": {
          "outputs": [
            {
              "name": "out",
              "path": "/nix/store/2yb8zaj343sxwvnibnvrkaga5w19bdj9-awscli2-2.24.24",
              "default": true
            },
            {
              "name": "dist",
              "path": "/nix/store/fg4r9a0flxcnxhnnmzp22fpy388fvnlp-awscli2-2.24.24-dist"
            }
          ],
          "store_path": "/nix/store/2yb8zaj343sxwvnibnvrkaga5w19bdj9-awscli2-2.24.24"
        },
        "aarch64-linux": {
          "outputs": [
            {
              "name": "out",
              "path": "/nix/store/753hysvhx2xg6wn2pdvfl0p572kb8nqy-awscli2-2.24.24",
              "default": true
            },
            {
              "name": "dist",
              "path": "/nix/store/ays2panlk307bki0044wjhngci67hr6z-awscli2-2.24.24-dist"
            }
          ],
          "store_path": "/nix/store/753hysvhx2xg6wn2pdvfl0p572kb8nqy-awscli2-2.24.24"
        },
        "x86_64-darwin": {
          "outputs": [
            {
              "name": "out",
              "path": "/nix/store/vxz0ljsa95sa5p4l31h608ac9yjafv9v-awscli2-2.24.24",
              "default": true
            },
            {
              "name": "dist",
              "path": "/nix/store/48h2dzzzy7lrs9z2j8snvxx2jglqvyvi-awscli2-2.24.24-dist"
            }
          ],
          "store_path": "/nix/store/vxz0ljsa95sa5p4l31h608ac9yjafv9v-awscli2-2.24.24"
        },
        "x86_64-linux": {
          "outputs": [
            {
              "name": "out",
              "path": "/nix/store/i3vfwgkbp3a5qpl4zjga771r3mvk5aq7-awscli2-2.24.24",
              "default": true
            },
            {
              "name": "dist",
              "path": "/nix/store/qkw3d8xa8bs8f1q9ppk9199gw8zp5z98-awscli2-2.24.24-dist"
            }
          ],
          "store_path": "/nix/store/i3vfwgkbp3a5qpl4zjga771r3mvk5aq7-awscli2-2.24.24"
        }
      }
    },
    "crossplane-cli@1.15.1": {
      "last_modified": "2024-04-02T02:53:36Z",
      "resolved": "github:NixOS/nixpkgs/080a4a27f206d07724b88da096e27ef63401a504#crossplane-cli",
      "source": "devbox-search",
      "version": "1.15.1",
      "systems": {
        "aarch64-darwin": {
          "outputs": [
            {
              "name": "out",
              "path": "/nix/store/qmdbf4spf1bqyijv9x067k9h88slifi1-crossplane-cli-1.15.1",
              "default": true
            }
          ],
          "store_path": "/nix/store/qmdbf4spf1bqyijv9x067k9h88slifi1-crossplane-cli-1.15.1"
        },
        "aarch64-linux": {
          "outputs": [
            {
              "name": "out",
              "path": "/nix/store/46vz72z2nx4x5vi1fvvg0v9ca8y52cn6-crossplane-cli-1.15.1",
              "default": true
            }
          ],
          "store_path": "/nix/store/46vz72z2nx4x5vi1fvvg0v9ca8y52cn6-crossplane-cli-1.15.1"
        },
        "x86_64-darwin": {
          "outputs": [
            {
              "name": "out",
              "path": "/nix/store/0whacx1aqi8m9d966i1ldnpzsqifhkmr-crossplane-cli-1.15.1",
              "default": true
            }
          ],
          "store_path": "/nix/store/0whacx1aqi8m9d966i1ldnpzsqifhkmr-crossplane-cli-1.15.1"
        },
        "x86_64-linux": {
          "outputs": [
            {
              "name": "out",
              "path": "/nix/store/jcxk98by12z8ibrmsqx10im81lxp5lym-crossplane-cli-1.15.1",
              "default": true
            }
          ],
          "store_path": "/nix/store/jcxk98by12z8ibrmsqx10im81lxp5lym-crossplane-cli-1.15.1"
        }
      }
    },
    "gh@2.69.0": {
      "last_modified": "2025-03-20T07:39:01Z",
      "resolved": "github:NixOS/nixpkgs/7344a3b78128f7b1765dba89060b015fb75431a7#gh",
      "source": "devbox-search",
      "version": "2.69.0",
      "systems": {
        "aarch64-darwin": {
          "outputs": [
            {
              "name": "out",
              "path": "/nix/store/6s2865gwdm3hgcds6a3r3nyqwclj80nx-gh-2.69.0",
              "default": true
            }
          ],
          "store_path": "/nix/store/6s2865gwdm3hgcds6a3r3nyqwclj80nx-gh-2.69.0"
        },
        "aarch64-linux": {
          "outputs": [
            {
              "name": "out",
              "path": "/nix/store/j3p8s8lqhqqc6kg3w8khcgnfh9isf4py-gh-2.69.0",
              "default": true
            }
          ],
          "store_path": "/nix/store/j3p8s8lqhqqc6kg3w8khcgnfh9isf4py-gh-2.69.0"
        },
        "x86_64-darwin": {
          "outputs": [
            {
              "name": "out",
              "path": "/nix/store/1nk3pd01m0mqgssimdzps9c3qvw76yj4-gh-2.69.0",
              "default": true
            }
          ],
          "store_path": "/nix/store/1nk3pd01m0mqgssimdzps9c3qvw76yj4-gh-2.69.0"
        },
        "x86_64-linux": {
          "outputs": [
            {
              "name": "out",
              "path": "/nix/store/31kf4bsi4cwm60p6v2cpfagd2qrvmflr-gh-2.69.0",
              "default": true
            }
          ],
          "store_path": "/nix/store/31kf4bsi4cwm60p6v2cpfagd2qrvmflr-gh-2.69.0"
        }
      }
    },
    "github:NixOS/nixpkgs/nixpkgs-unstable": {
      "resolved": "github:NixOS/nixpkgs/f3a2a0601e9669a6e38af25b46ce6c4563bcb6da?lastModified=1742738698&narHash=sha256-KCtAXWwQs03JmEhP4ss59QVzT%2BrHZkhQO85KjNy8Crc%3D"
    },
    "go-task@3.41.0": {
      "last_modified": "2025-03-11T17:52:14Z",
      "resolved": "github:NixOS/nixpkgs/0d534853a55b5d02a4ababa1d71921ce8f0aee4c#go-task",
      "source": "devbox-search",
      "version": "3.41.0",
      "systems": {
        "aarch64-darwin": {
          "outputs": [
            {
              "name": "out",
              "path": "/nix/store/kgfbhsp4ixr3kl5m2vhciw8v13czfml6-go-task-3.41.0",
              "default": true
            }
          ],
          "store_path": "/nix/store/kgfbhsp4ixr3kl5m2vhciw8v13czfml6-go-task-3.41.0"
        },
        "aarch64-linux": {
          "outputs": [
            {
              "name": "out",
              "path": "/nix/store/sr9j2rbzia0hq62k5gkwhk0bcmb14ywh-go-task-3.41.0",
              "default": true
            }
          ],
          "store_path": "/nix/store/sr9j2rbzia0hq62k5gkwhk0bcmb14ywh-go-task-3.41.0"
        },
        "x86_64-darwin": {
          "outputs": [
            {
              "name": "out",
              "path": "/nix/store/zgj5m7kkmkml6yg3v4xy0m7ln95z03s3-go-task-3.41.0",
              "default": true
            }
          ],
          "store_path": "/nix/store/zgj5m7kkmkml6yg3v4xy0m7ln95z03s3-go-task-3.41.0"
        },
        "x86_64-linux": {
          "outputs": [
            {
              "name": "out",
              "path": "/nix/store/5q8536rllwzmf8gf6h0jw678pxy7ndbx-go-task-3.41.0",
              "default": true
            }
          ],
          "store_path": "/nix/store/5q8536rllwzmf8gf6h0jw678pxy7ndbx-go-task-3.41.0"
        }
      }
    },
    "gum@0.16.0": {
      "last_modified": "2025-03-13T11:38:39Z",
      "resolved": "github:NixOS/nixpkgs/573c650e8a14b2faa0041645ab18aed7e60f0c9a#gum",
      "source": "devbox-search",
      "version": "0.16.0",
      "systems": {
        "aarch64-darwin": {
          "outputs": [
            {
              "name": "out",
              "path": "/nix/store/kwkfj9ifihlfzv7damvf0x42w1l904ld-gum-0.16.0",
              "default": true
            }
          ],
          "store_path": "/nix/store/kwkfj9ifihlfzv7damvf0x42w1l904ld-gum-0.16.0"
        },
        "aarch64-linux": {
          "outputs": [
            {
              "name": "out",
              "path": "/nix/store/fflgnfjyizrfp3kb9kg1rb13zh8iqgpa-gum-0.16.0",
              "default": true
            }
          ],
          "store_path": "/nix/store/fflgnfjyizrfp3kb9kg1rb13zh8iqgpa-gum-0.16.0"
        },
        "x86_64-darwin": {
          "outputs": [
            {
              "name": "out",
              "path": "/nix/store/854g6bmylzpaz7s1xdccfq9x2xkx6fcc-gum-0.16.0",
              "default": true
            }
          ],
          "store_path": "/nix/store/854g6bmylzpaz7s1xdccfq9x2xkx6fcc-gum-0.16.0"
        },
        "x86_64-linux": {
          "outputs": [
            {
              "name": "out",
              "path": "/nix/store/hn1dl52063dlljmzjlx0cw1f59yk5r2n-gum-0.16.0",
              "default": true
            }
          ],
          "store_path": "/nix/store/hn1dl52063dlljmzjlx0cw1f59yk5r2n-gum-0.16.0"
        }
      }
    },
    "jq@1.7.1": {
      "last_modified": "2025-03-22T01:19:59Z",
      "resolved": "github:NixOS/nixpkgs/0740f6f238767d4caf9afe774d3e88105766dfc6#jq",
      "source": "devbox-search",
      "version": "1.7.1",
      "systems": {
        "aarch64-darwin": {
          "outputs": [
            {
              "name": "bin",
              "path": "/nix/store/a0d5735pbpxr817gjzvv6bdy2ycj38nf-jq-1.7.1-bin",
              "default": true
            },
            {
              "name": "man",
              "path": "/nix/store/id3vbyr5wqz7ljylcdqjvrpdsiv4a02v-jq-1.7.1-man",
              "default": true
            },
            {
              "name": "doc",
              "path": "/nix/store/rqjr3mln9jmidha6izp07fq9fp30y4sx-jq-1.7.1-doc"
            },
            {
              "name": "out",
              "path": "/nix/store/m0kqs2n6b4idvhpzcqad9jfz1cbwib2n-jq-1.7.1"
            },
            {
              "name": "dev",
              "path": "/nix/store/yhykv5iafas7lp327w3xkj1gxkhifcbk-jq-1.7.1-dev"
            }
          ],
          "store_path": "/nix/store/a0d5735pbpxr817gjzvv6bdy2ycj38nf-jq-1.7.1-bin"
        },
        "aarch64-linux": {
          "outputs": [
            {
              "name": "bin",
              "path": "/nix/store/64k31kawylkwbjh4r1bwxfq8zb0yzqyi-jq-1.7.1-bin",
              "default": true
            },
            {
              "name": "man",
              "path": "/nix/store/w29k8y3v6rfyy4kvx95dc79lyfcq7ikf-jq-1.7.1-man",
              "default": true
            },
            {
              "name": "out",
              "path": "/nix/store/y3sdsgvnpmwp42d2kd9rq3d5anraccpy-jq-1.7.1"
            },
            {
              "name": "dev",
              "path": "/nix/store/r5wikmfi7na32gcx46p3ncxmzns1f5xz-jq-1.7.1-dev"
            },
            {
              "name": "doc",
              "path": "/nix/store/mhfyqmwvnqihqs5av778m4lic0p15hyf-jq-1.7.1-doc"
            }
          ],
          "store_path": "/nix/store/64k31kawylkwbjh4r1bwxfq8zb0yzqyi-jq-1.7.1-bin"
        },
        "x86_64-darwin": {
          "outputs": [
            {
              "name": "bin",
              "path": "/nix/store/p6ph78v4kf373vnsigwaqh7j3dlapnny-jq-1.7.1-bin",
              "default": true
            },
            {
              "name": "man",
              "path": "/nix/store/83f3x5240k5kqc8bw758nq4q6d3j7l5p-jq-1.7.1-man",
              "default": true
            },
            {
              "name": "dev",
              "path": "/nix/store/6lhl23njgh2pjh3sypxv4s0g6n0zdmqk-jq-1.7.1-dev"
            },
            {
              "name": "doc",
              "path": "/nix/store/5md80wrj52gklrxwsf68dkqc9igmq928-jq-1.7.1-doc"
            },
            {
              "name": "out",
              "path": "/nix/store/fbv7k9csv3m2af8chfblxzlv2mgaz8i0-jq-1.7.1"
            }
          ],
          "store_path": "/nix/store/p6ph78v4kf373vnsigwaqh7j3dlapnny-jq-1.7.1-bin"
        },
        "x86_64-linux": {
          "outputs": [
            {
              "name": "bin",
              "path": "/nix/store/134m2q047vsr9miwh5l227j7sh9jb130-jq-1.7.1-bin",
              "default": true
            },
            {
              "name": "man",
              "path": "/nix/store/8vlqxykb9959nn5bl5vph99d2c4np9wg-jq-1.7.1-man",
              "default": true
            },
            {
              "name": "out",
              "path": "/nix/store/6zy1hkwlwq9r97swjy616vf096dccrsr-jq-1.7.1"
            },
            {
              "name": "dev",
              "path": "/nix/store/94yz5x26ssx2pqn7gamlngp306s8mz60-jq-1.7.1-dev"
            },
            {
              "name": "doc",
              "path": "/nix/store/byqqs2ayp67zvmd6dqi4jahwm1f779cj-jq-1.7.1-doc"
            }
          ],
          "store_path": "/nix/store/134m2q047vsr9miwh5l227j7sh9jb130-jq-1.7.1-bin"
        }
      }
    },
    "k3d@5.8.3": {
      "last_modified": "2025-03-16T16:17:41Z",
      "resolved": "github:NixOS/nixpkgs/8f76cf16b17c51ae0cc8e55488069593f6dab645#k3d",
      "source": "devbox-search",
      "version": "5.8.3",
      "systems": {
        "aarch64-darwin": {
          "outputs": [
            {
              "name": "out",
              "path": "/nix/store/1w5vsqbjzv6skygm04h72f53ywkah0bb-k3d-5.8.3",
              "default": true
            }
          ],
          "store_path": "/nix/store/1w5vsqbjzv6skygm04h72f53ywkah0bb-k3d-5.8.3"
        },
        "aarch64-linux": {
          "outputs": [
            {
              "name": "out",
              "path": "/nix/store/cdnx7ddh1ik9kaa48pb3jrjjdxif381a-k3d-5.8.3",
              "default": true
            }
          ],
          "store_path": "/nix/store/cdnx7ddh1ik9kaa48pb3jrjjdxif381a-k3d-5.8.3"
        },
        "x86_64-darwin": {
          "outputs": [
            {
              "name": "out",
              "path": "/nix/store/9ym80cxr3davb5511zhnh3zhbq8a335k-k3d-5.8.3",
              "default": true
            }
          ],
          "store_path": "/nix/store/9ym80cxr3davb5511zhnh3zhbq8a335k-k3d-5.8.3"
        },
        "x86_64-linux": {
          "outputs": [
            {
              "name": "out",
              "path": "/nix/store/gg4f8rw43mr6zy6n70f2h726985nqg4l-k3d-5.8.3",
              "default": true
            }
          ],
          "store_path": "/nix/store/gg4f8rw43mr6zy6n70f2h726985nqg4l-k3d-5.8.3"
        }
      }
    },
    "kind@0.27.0": {
      "last_modified": "2025-03-11T17:52:14Z",
      "resolved": "github:NixOS/nixpkgs/0d534853a55b5d02a4ababa1d71921ce8f0aee4c#kind",
      "source": "devbox-search",
      "version": "0.27.0",
      "systems": {
        "aarch64-darwin": {
          "outputs": [
            {
              "name": "out",
              "path": "/nix/store/6pdsjczw3jrxfdms3vavbrszdn03z18h-kind-0.27.0",
              "default": true
            }
          ],
          "store_path": "/nix/store/6pdsjczw3jrxfdms3vavbrszdn03z18h-kind-0.27.0"
        },
        "aarch64-linux": {
          "outputs": [
            {
              "name": "out",
              "path": "/nix/store/a801y50y156y9wjywm0jc1yc101932h7-kind-0.27.0",
              "default": true
            }
          ],
          "store_path": "/nix/store/a801y50y156y9wjywm0jc1yc101932h7-kind-0.27.0"
        },
        "x86_64-darwin": {
          "outputs": [
            {
              "name": "out",
              "path": "/nix/store/s3q5xzg0hhbi23l424gwm91823qawlhz-kind-0.27.0",
              "default": true
            }
          ],
          "store_path": "/nix/store/s3q5xzg0hhbi23l424gwm91823qawlhz-kind-0.27.0"
        },
        "x86_64-linux": {
          "outputs": [
            {
              "name": "out",
              "path": "/nix/store/l1bwqbahw30drpmivzivl9w47c8gfj1c-kind-0.27.0",
              "default": true
            }
          ],
          "store_path": "/nix/store/l1bwqbahw30drpmivzivl9w47c8gfj1c-kind-0.27.0"
        }
      }
    },
    "kubectl@1.32.3": {
      "last_modified": "2025-03-22T01:19:59Z",
      "resolved": "github:NixOS/nixpkgs/0740f6f238767d4caf9afe774d3e88105766dfc6#kubectl",
      "source": "devbox-search",
      "version": "1.32.3",
      "systems": {
        "aarch64-darwin": {
          "outputs": [
            {
              "name": "out",
              "path": "/nix/store/7b2rpxkv6v4a29bk9dp4gqs57zhf9v9p-kubectl-1.32.3",
              "default": true
            },
            {
              "name": "man",
              "path": "/nix/store/rm3753bbn2kxmwyxy7rir8z80g71lrrx-kubectl-1.32.3-man",
              "default": true
            },
            {
              "name": "convert",
              "path": "/nix/store/fi6g9qi63p7ivvz3qsipfaxmym7qi623-kubectl-1.32.3-convert"
            }
          ],
          "store_path": "/nix/store/7b2rpxkv6v4a29bk9dp4gqs57zhf9v9p-kubectl-1.32.3"
        },
        "aarch64-linux": {
          "outputs": [
            {
              "name": "out",
              "path": "/nix/store/xxngczzyxq22m1i8pc9a57w16kzir33f-kubectl-1.32.3",
              "default": true
            },
            {
              "name": "man",
              "path": "/nix/store/n547iajzrqypmy89s5j2iyrdjn56fd5v-kubectl-1.32.3-man",
              "default": true
            },
            {
              "name": "convert",
              "path": "/nix/store/0frwvbmd2zxx2n1s7vw15cbdj7iw95js-kubectl-1.32.3-convert"
            }
          ],
          "store_path": "/nix/store/xxngczzyxq22m1i8pc9a57w16kzir33f-kubectl-1.32.3"
        },
        "x86_64-darwin": {
          "outputs": [
            {
              "name": "out",
              "path": "/nix/store/95lpgw52n8x18ams6bz9nm68sml870rs-kubectl-1.32.3",
              "default": true
            },
            {
              "name": "man",
              "path": "/nix/store/3ilj3sca004bmzi0kp2lwihbqb2j2j2l-kubectl-1.32.3-man",
              "default": true
            },
            {
              "name": "convert",
              "path": "/nix/store/k2wr9b02pgyj7r5fz959vxys2w3s4j5v-kubectl-1.32.3-convert"
            }
          ],
          "store_path": "/nix/store/95lpgw52n8x18ams6bz9nm68sml870rs-kubectl-1.32.3"
        },
        "x86_64-linux": {
          "outputs": [
            {
              "name": "out",
              "path": "/nix/store/fjcd0hsivc5h56ndpg357i3rwvygxr7i-kubectl-1.32.3",
              "default": true
            },
            {
              "name": "man",
              "path": "/nix/store/ly41y2ja108cp9jpqc77s2sayvbahliw-kubectl-1.32.3-man",
              "default": true
            },
            {
              "name": "convert",
              "path": "/nix/store/1ph5mjp12w3snxc2clc24akc5mwlzb47-kubectl-1.32.3-convert"
            }
          ],
          "store_path": "/nix/store/fjcd0hsivc5h56ndpg357i3rwvygxr7i-kubectl-1.32.3"
        }
      }
    },
    "kubernetes-helm@3.17.2": {
      "last_modified": "2025-03-16T16:17:41Z",
      "resolved": "github:NixOS/nixpkgs/8f76cf16b17c51ae0cc8e55488069593f6dab645#kubernetes-helm",
      "source": "devbox-search",
      "version": "3.17.2",
      "systems": {
        "aarch64-darwin": {
          "outputs": [
            {
              "name": "out",
              "path": "/nix/store/brc3q5prx53ip89csfg37g9ydwwgfd1p-kubernetes-helm-3.17.2",
              "default": true
            }
          ],
          "store_path": "/nix/store/brc3q5prx53ip89csfg37g9ydwwgfd1p-kubernetes-helm-3.17.2"
        },
        "aarch64-linux": {
          "outputs": [
            {
              "name": "out",
              "path": "/nix/store/xrgs4la1szz3f3kf7w9g21wzp30mdfy2-kubernetes-helm-3.17.2",
              "default": true
            }
          ],
          "store_path": "/nix/store/xrgs4la1szz3f3kf7w9g21wzp30mdfy2-kubernetes-helm-3.17.2"
        },
        "x86_64-darwin": {
          "outputs": [
            {
              "name": "out",
              "path": "/nix/store/r10crkfz1nfn5yq18670jbsbjf09l4fg-kubernetes-helm-3.17.2",
              "default": true
            }
          ],
          "store_path": "/nix/store/r10crkfz1nfn5yq18670jbsbjf09l4fg-kubernetes-helm-3.17.2"
        },
        "x86_64-linux": {
          "outputs": [
            {
              "name": "out",
              "path": "/nix/store/0lhjm5b1k49rsirsrvsqasbrv1im6w6j-kubernetes-helm-3.17.2",
              "default": true
            }
          ],
          "store_path": "/nix/store/0lhjm5b1k49rsirsrvsqasbrv1im6w6j-kubernetes-helm-3.17.2"
        }
      }
    },
    "teller@2.0.7": {
      "last_modified": "2025-03-11T17:52:14Z",
      "resolved": "github:NixOS/nixpkgs/0d534853a55b5d02a4ababa1d71921ce8f0aee4c#teller",
      "source": "devbox-search",
      "version": "2.0.7",
      "systems": {
        "aarch64-darwin": {
          "outputs": [
            {
              "name": "out",
              "path": "/nix/store/f5brqrbcgdh5ybk69x404jg815hypg3m-teller-2.0.7",
              "default": true
            }
          ],
          "store_path": "/nix/store/f5brqrbcgdh5ybk69x404jg815hypg3m-teller-2.0.7"
        },
        "aarch64-linux": {
          "outputs": [
            {
              "name": "out",
              "path": "/nix/store/dznh4xq7xipf4l53g3k05smbryhnvbql-teller-2.0.7",
              "default": true
            }
          ],
          "store_path": "/nix/store/dznh4xq7xipf4l53g3k05smbryhnvbql-teller-2.0.7"
        },
        "x86_64-darwin": {
          "outputs": [
            {
              "name": "out",
              "path": "/nix/store/0miws7hizrjf0p7kk7r209d4c4xw66ly-teller-2.0.7",
              "default": true
            }
          ],
          "store_path": "/nix/store/0miws7hizrjf0p7kk7r209d4c4xw66ly-teller-2.0.7"
        },
        "x86_64-linux": {
          "outputs": [
            {
              "name": "out",
              "path": "/nix/store/9ssz9ywlwr182cf2x5sa2kicjsrgq7nw-teller-2.0.7",
              "default": true
            }
          ],
          "store_path": "/nix/store/9ssz9ywlwr182cf2x5sa2kicjsrgq7nw-teller-2.0.7"
        }
      }
    },
    "upbound@0.38.1": {
      "last_modified": "2025-03-16T16:17:41Z",
      "resolved": "github:NixOS/nixpkgs/8f76cf16b17c51ae0cc8e55488069593f6dab645#upbound",
      "source": "devbox-search",
      "version": "0.38.1",
      "systems": {
        "aarch64-darwin": {
          "outputs": [
            {
              "name": "out",
              "path": "/nix/store/n3r8cv818048jbj5vzk5flsh1s8vr1i5-upbound-0.38.1",
              "default": true
            }
          ],
          "store_path": "/nix/store/n3r8cv818048jbj5vzk5flsh1s8vr1i5-upbound-0.38.1"
        },
        "aarch64-linux": {
          "outputs": [
            {
              "name": "out",
              "path": "/nix/store/i28hb6qwjwmgk574pk2yiiprlqlhhcv1-upbound-0.38.1",
              "default": true
            }
          ],
          "store_path": "/nix/store/i28hb6qwjwmgk574pk2yiiprlqlhhcv1-upbound-0.38.1"
        },
        "x86_64-darwin": {
          "outputs": [
            {
              "name": "out",
              "path": "/nix/store/i818wbdj0xcfgffn7qcz1hhjc383nbwl-upbound-0.38.1",
              "default": true
            }
          ],
          "store_path": "/nix/store/i818wbdj0xcfgffn7qcz1hhjc383nbwl-upbound-0.38.1"
        },
        "x86_64-linux": {
          "outputs": [
            {
              "name": "out",
              "path": "/nix/store/d1jwf8zisi2ibxj1jcw28z55zxvgnpsz-upbound-0.38.1",
              "default": true
            }
          ],
          "store_path": "/nix/store/d1jwf8zisi2ibxj1jcw28z55zxvgnpsz-upbound-0.38.1"
        }
      }
    },
    "yq-go@4.45.1": {
      "last_modified": "2025-03-11T17:52:14Z",
      "resolved": "github:NixOS/nixpkgs/0d534853a55b5d02a4ababa1d71921ce8f0aee4c#yq-go",
      "source": "devbox-search",
      "version": "4.45.1",
      "systems": {
        "aarch64-darwin": {
          "outputs": [
            {
              "name": "out",
              "path": "/nix/store/m92kn50px5czhrjmcd9vq674bpkg3ykj-yq-go-4.45.1",
              "default": true
            }
          ],
          "store_path": "/nix/store/m92kn50px5czhrjmcd9vq674bpkg3ykj-yq-go-4.45.1"
        },
        "aarch64-linux": {
          "outputs": [
            {
              "name": "out",
              "path": "/nix/store/j3n9gm4f277ys5annkc9r8ds2mn1760d-yq-go-4.45.1",
              "default": true
            }
          ],
          "store_path": "/nix/store/j3n9gm4f277ys5annkc9r8ds2mn1760d-yq-go-4.45.1"
        },
        "x86_64-darwin": {
          "outputs": [
            {
              "name": "out",
              "path": "/nix/store/naa1j0ps9v9d51xf63j3r1y4rmslzyzx-yq-go-4.45.1",
              "default": true
            }
          ],
          "store_path": "/nix/store/naa1j0ps9v9d51xf63j3r1y4rmslzyzx-yq-go-4.45.1"
        },
        "x86_64-linux": {
          "outputs": [
            {
              "name": "out",
              "path": "/nix/store/r8lab8vdy98adpil6xvz716168dqx7kn-yq-go-4.45.1",
              "default": true
            }
          ],
          "store_path": "/nix/store/r8lab8vdy98adpil6xvz716168dqx7kn-yq-go-4.45.1"
        }
      }
    }
  }
}
