{
  "lockfile_version": "1",
  "packages": {
    "awscli2@2.15.32": {
      "last_modified": "2024-03-25T21:25:22Z",
      "resolved": "github:NixOS/nixpkgs/07262b18b97000d16a4bdb003418bd2fb067a932#awscli2",
      "source": "devbox-search",
      "version": "2.15.32",
      "systems": {
        "aarch64-darwin": {
          "outputs": [
            {
              "name": "out",
              "path": "/nix/store/z9zmm6sfrnj4md7i2xwi0rmanqig1pr1-awscli2-2.15.32",
              "default": true
            },
            {
              "name": "dist",
              "path": "/nix/store/rsb66ckc3r9yx9pz8akzfgjwripb06wb-awscli2-2.15.32-dist"
            }
          ],
          "store_path": "/nix/store/z9zmm6sfrnj4md7i2xwi0rmanqig1pr1-awscli2-2.15.32"
        },
        "aarch64-linux": {
          "outputs": [
            {
              "name": "out",
              "path": "/nix/store/gl6b818xrg5syvzw683nhpf6im6km5d2-awscli2-2.15.32",
              "default": true
            },
            {
              "name": "dist",
              "path": "/nix/store/vlg3zavwqi6j121nd2r7l9pm5v7iiny5-awscli2-2.15.32-dist"
            }
          ],
          "store_path": "/nix/store/gl6b818xrg5syvzw683nhpf6im6km5d2-awscli2-2.15.32"
        },
        "x86_64-darwin": {
          "outputs": [
            {
              "name": "out",
              "path": "/nix/store/zwjhyr8kqna43l12y3kamx7lx94kpk9h-awscli2-2.15.32",
              "default": true
            },
            {
              "name": "dist",
              "path": "/nix/store/32n3vvx6ky86cv51gv8a1gkwj7z5j7qr-awscli2-2.15.32-dist"
            }
          ],
          "store_path": "/nix/store/zwjhyr8kqna43l12y3kamx7lx94kpk9h-awscli2-2.15.32"
        },
        "x86_64-linux": {
          "outputs": [
            {
              "name": "out",
              "path": "/nix/store/k8g2inndsrzg55sz6v0nh8i8wfhgzd6y-awscli2-2.15.32",
              "default": true
            },
            {
              "name": "dist",
              "path": "/nix/store/m9jb2rwa68d0jpswhdipk5z1ngwhwn36-awscli2-2.15.32-dist"
            }
          ],
          "store_path": "/nix/store/k8g2inndsrzg55sz6v0nh8i8wfhgzd6y-awscli2-2.15.32"
        }
      }
    },
    "crossplane-cli@1.15.1": {
      "last_modified": "2024-03-22T11:26:23Z",
      "resolved": "github:NixOS/nixpkgs/a3ed7406349a9335cb4c2a71369b697cecd9d351#crossplane-cli",
      "source": "devbox-search",
      "version": "1.15.1",
      "systems": {
        "aarch64-darwin": {
          "outputs": [
            {
              "name": "out",
              "path": "/nix/store/7d4nv7q83zginb737jh54rb87nx4nlh5-crossplane-cli-1.15.1",
              "default": true
            }
          ],
          "store_path": "/nix/store/7d4nv7q83zginb737jh54rb87nx4nlh5-crossplane-cli-1.15.1"
        },
        "aarch64-linux": {
          "outputs": [
            {
              "name": "out",
              "path": "/nix/store/xkhajnp316cwm4vxszsszwqg02agxhr1-crossplane-cli-1.15.1",
              "default": true
            }
          ],
          "store_path": "/nix/store/xkhajnp316cwm4vxszsszwqg02agxhr1-crossplane-cli-1.15.1"
        },
        "x86_64-darwin": {
          "outputs": [
            {
              "name": "out",
              "path": "/nix/store/psxyia2rw0b4b28sbxhkrza6i844yg8p-crossplane-cli-1.15.1",
              "default": true
            }
          ],
          "store_path": "/nix/store/psxyia2rw0b4b28sbxhkrza6i844yg8p-crossplane-cli-1.15.1"
        },
        "x86_64-linux": {
          "outputs": [
            {
              "name": "out",
              "path": "/nix/store/kri5nbzzdj4k0dr6dc142fjris25qwk6-crossplane-cli-1.15.1",
              "default": true
            }
          ],
          "store_path": "/nix/store/kri5nbzzdj4k0dr6dc142fjris25qwk6-crossplane-cli-1.15.1"
        }
      }
    },
    "gh@2.46.0": {
      "last_modified": "2024-03-22T11:26:23Z",
      "resolved": "github:NixOS/nixpkgs/a3ed7406349a9335cb4c2a71369b697cecd9d351#gh",
      "source": "devbox-search",
      "version": "2.46.0",
      "systems": {
        "aarch64-darwin": {
          "outputs": [
            {
              "name": "out",
              "path": "/nix/store/lxz3z6qdrkszz8v5xp77xa20cv8q7fdj-gh-2.46.0",
              "default": true
            }
          ],
          "store_path": "/nix/store/lxz3z6qdrkszz8v5xp77xa20cv8q7fdj-gh-2.46.0"
        },
        "aarch64-linux": {
          "outputs": [
            {
              "name": "out",
              "path": "/nix/store/71ckv4vlahg0h5xrc384n1rh9f92kn7k-gh-2.46.0",
              "default": true
            }
          ],
          "store_path": "/nix/store/71ckv4vlahg0h5xrc384n1rh9f92kn7k-gh-2.46.0"
        },
        "x86_64-darwin": {
          "outputs": [
            {
              "name": "out",
              "path": "/nix/store/jfhaync1xvyigrk0gg3x5i6wqnabpbwy-gh-2.46.0",
              "default": true
            }
          ],
          "store_path": "/nix/store/jfhaync1xvyigrk0gg3x5i6wqnabpbwy-gh-2.46.0"
        },
        "x86_64-linux": {
          "outputs": [
            {
              "name": "out",
              "path": "/nix/store/pbz07yhi7rfr677b4jy97zvajmkpxyk2-gh-2.46.0",
              "default": true
            }
          ],
          "store_path": "/nix/store/pbz07yhi7rfr677b4jy97zvajmkpxyk2-gh-2.46.0"
        }
      }
    },
    "gum@0.13.0": {
      "last_modified": "2024-03-22T11:26:23Z",
      "resolved": "github:NixOS/nixpkgs/a3ed7406349a9335cb4c2a71369b697cecd9d351#gum",
      "source": "devbox-search",
      "version": "0.13.0",
      "systems": {
        "aarch64-darwin": {
          "outputs": [
            {
              "name": "out",
              "path": "/nix/store/pkwx5kixm21h68g82sqvlnpfyqb2ww3v-gum-0.13.0",
              "default": true
            }
          ],
          "store_path": "/nix/store/pkwx5kixm21h68g82sqvlnpfyqb2ww3v-gum-0.13.0"
        },
        "aarch64-linux": {
          "outputs": [
            {
              "name": "out",
              "path": "/nix/store/rr3d04j8wm792adpg4262sjicx2g6hsw-gum-0.13.0",
              "default": true
            }
          ],
          "store_path": "/nix/store/rr3d04j8wm792adpg4262sjicx2g6hsw-gum-0.13.0"
        },
        "x86_64-darwin": {
          "outputs": [
            {
              "name": "out",
              "path": "/nix/store/bsn0dk0v6rxjbqpxka0mqndv7zr7n00b-gum-0.13.0",
              "default": true
            }
          ],
          "store_path": "/nix/store/bsn0dk0v6rxjbqpxka0mqndv7zr7n00b-gum-0.13.0"
        },
        "x86_64-linux": {
          "outputs": [
            {
              "name": "out",
              "path": "/nix/store/vzx7fsr8y2137v1daxam19y303ddsl57-gum-0.13.0",
              "default": true
            }
          ],
          "store_path": "/nix/store/vzx7fsr8y2137v1daxam19y303ddsl57-gum-0.13.0"
        }
      }
    },
    "jq@1.7.1": {
      "last_modified": "2024-03-29T12:35:36Z",
      "resolved": "github:NixOS/nixpkgs/807c549feabce7eddbf259dbdcec9e0600a0660d#jq",
      "source": "devbox-search",
      "version": "1.7.1",
      "systems": {
        "aarch64-darwin": {
          "outputs": [
            {
              "name": "bin",
              "path": "/nix/store/59r06awlqdsw1fpvwcy2dg65l0g09vdp-jq-1.7.1-bin",
              "default": true
            },
            {
              "name": "man",
              "path": "/nix/store/glava1axlc7qkr875zikn3qncmrlmhvg-jq-1.7.1-man",
              "default": true
            },
            {
              "name": "dev",
              "path": "/nix/store/9zlf0mjahix97izdbr08ay50q4hg1l73-jq-1.7.1-dev"
            },
            {
              "name": "doc",
              "path": "/nix/store/wqwcldk42s8rn5b9h3pjc8836gl2qzng-jq-1.7.1-doc"
            },
            {
              "name": "lib",
              "path": "/nix/store/lsfivvi5k3kikzrbffcz18gcyi6fx2si-jq-1.7.1-lib"
            },
            {
              "name": "out",
              "path": "/nix/store/y1dm44vipw95v8vihc57ia8zz5nnp94b-jq-1.7.1"
            }
          ],
          "store_path": "/nix/store/59r06awlqdsw1fpvwcy2dg65l0g09vdp-jq-1.7.1-bin"
        },
        "aarch64-linux": {
          "outputs": [
            {
              "name": "bin",
              "path": "/nix/store/rajf5f3cf6qmr9jp2mwjikygl7hmfv4a-jq-1.7.1-bin",
              "default": true
            },
            {
              "name": "man",
              "path": "/nix/store/in1cd7zn58cwpb9czaa8wk0qhz1ssdk2-jq-1.7.1-man",
              "default": true
            },
            {
              "name": "out",
              "path": "/nix/store/vwr1r5as7mh5za5rsrf8lcxpf8acvmsk-jq-1.7.1"
            },
            {
              "name": "dev",
              "path": "/nix/store/kjqca4symf704yi1zlgnhbj7njzhwwgd-jq-1.7.1-dev"
            },
            {
              "name": "doc",
              "path": "/nix/store/8ljizkqxmbmp78npap4as8vb7w5snkmk-jq-1.7.1-doc"
            },
            {
              "name": "lib",
              "path": "/nix/store/55mf8kxjcmrsip8ffpn75r3snm65gv0h-jq-1.7.1-lib"
            }
          ],
          "store_path": "/nix/store/rajf5f3cf6qmr9jp2mwjikygl7hmfv4a-jq-1.7.1-bin"
        },
        "x86_64-darwin": {
          "outputs": [
            {
              "name": "bin",
              "path": "/nix/store/szlvc45yfk43b3dmn2ms01cw0yw5cih2-jq-1.7.1-bin",
              "default": true
            },
            {
              "name": "man",
              "path": "/nix/store/9h7zfkrqchgcchlw9yx6ngg1llw22da9-jq-1.7.1-man",
              "default": true
            },
            {
              "name": "dev",
              "path": "/nix/store/5p38yscg4kqk5m08c2p5bni374r1qs5p-jq-1.7.1-dev"
            },
            {
              "name": "doc",
              "path": "/nix/store/gcc7ncsdppac15r45i376907f5320bna-jq-1.7.1-doc"
            },
            {
              "name": "lib",
              "path": "/nix/store/kqbix3pbjq5wjdhw3llbcjiv9kj1cvm2-jq-1.7.1-lib"
            },
            {
              "name": "out",
              "path": "/nix/store/vxssvrpyrm5ci3k030fsnqf01gkprz8x-jq-1.7.1"
            }
          ],
          "store_path": "/nix/store/szlvc45yfk43b3dmn2ms01cw0yw5cih2-jq-1.7.1-bin"
        },
        "x86_64-linux": {
          "outputs": [
            {
              "name": "bin",
              "path": "/nix/store/1kql9l6sh9qwkfac720fl9a2d4lf78r3-jq-1.7.1-bin",
              "default": true
            },
            {
              "name": "man",
              "path": "/nix/store/dy82v8zpcrmkjhlxrq42jccjvnf8ljvr-jq-1.7.1-man",
              "default": true
            },
            {
              "name": "dev",
              "path": "/nix/store/8i4fdcf8g6c8wmav9kbyvrc6rbip55d6-jq-1.7.1-dev"
            },
            {
              "name": "doc",
              "path": "/nix/store/53fg9kn3ry6m71p1c7ghaci6zygisxfz-jq-1.7.1-doc"
            },
            {
              "name": "lib",
              "path": "/nix/store/qaggw36kdv2n7k6rivii9ylr8205yaqz-jq-1.7.1-lib"
            },
            {
              "name": "out",
              "path": "/nix/store/bgvg4yihsf8dgwk2g4mfi7k3gfsfxv4c-jq-1.7.1"
            }
          ],
          "store_path": "/nix/store/1kql9l6sh9qwkfac720fl9a2d4lf78r3-jq-1.7.1-bin"
        }
      }
    },
    "k3d@5.6.0": {
      "last_modified": "2024-03-22T11:26:23Z",
      "resolved": "github:NixOS/nixpkgs/a3ed7406349a9335cb4c2a71369b697cecd9d351#k3d",
      "source": "devbox-search",
      "version": "5.6.0",
      "systems": {
        "aarch64-darwin": {
          "outputs": [
            {
              "name": "out",
              "path": "/nix/store/gxl4301qzg1c0hxpxcrrjdpaskysx2q6-k3d-5.6.0",
              "default": true
            }
          ],
          "store_path": "/nix/store/gxl4301qzg1c0hxpxcrrjdpaskysx2q6-k3d-5.6.0"
        },
        "aarch64-linux": {
          "outputs": [
            {
              "name": "out",
              "path": "/nix/store/zdrr8ris3zbn9lblbvq5biabdfm4zxwc-k3d-5.6.0",
              "default": true
            }
          ],
          "store_path": "/nix/store/zdrr8ris3zbn9lblbvq5biabdfm4zxwc-k3d-5.6.0"
        },
        "x86_64-darwin": {
          "outputs": [
            {
              "name": "out",
              "path": "/nix/store/0yb44x80b6sbk80is66haxaf8ipxizwl-k3d-5.6.0",
              "default": true
            }
          ],
          "store_path": "/nix/store/0yb44x80b6sbk80is66haxaf8ipxizwl-k3d-5.6.0"
        },
        "x86_64-linux": {
          "outputs": [
            {
              "name": "out",
              "path": "/nix/store/cvfhyywrmmkz826v23w659wx99fw31fl-k3d-5.6.0",
              "default": true
            }
          ],
          "store_path": "/nix/store/cvfhyywrmmkz826v23w659wx99fw31fl-k3d-5.6.0"
        }
      }
    },
    "kind@0.22.0": {
      "last_modified": "2024-03-22T11:26:23Z",
      "resolved": "github:NixOS/nixpkgs/a3ed7406349a9335cb4c2a71369b697cecd9d351#kind",
      "source": "devbox-search",
      "version": "0.22.0",
      "systems": {
        "aarch64-darwin": {
          "outputs": [
            {
              "name": "out",
              "path": "/nix/store/cff6f3a0av9pmak5w1wm9w2n1niq223b-kind-0.22.0",
              "default": true
            }
          ],
          "store_path": "/nix/store/cff6f3a0av9pmak5w1wm9w2n1niq223b-kind-0.22.0"
        },
        "aarch64-linux": {
          "outputs": [
            {
              "name": "out",
              "path": "/nix/store/xkkw8di5pmlgj7mw7mhq12mjigvh033l-kind-0.22.0",
              "default": true
            }
          ],
          "store_path": "/nix/store/xkkw8di5pmlgj7mw7mhq12mjigvh033l-kind-0.22.0"
        },
        "x86_64-darwin": {
          "outputs": [
            {
              "name": "out",
              "path": "/nix/store/fxh74m2g045xwqv90lbvdg57bvk99pf6-kind-0.22.0",
              "default": true
            }
          ],
          "store_path": "/nix/store/fxh74m2g045xwqv90lbvdg57bvk99pf6-kind-0.22.0"
        },
        "x86_64-linux": {
          "outputs": [
            {
              "name": "out",
              "path": "/nix/store/m362mrwv0419cj176nwg31zcs4af6wrs-kind-0.22.0",
              "default": true
            }
          ],
          "store_path": "/nix/store/m362mrwv0419cj176nwg31zcs4af6wrs-kind-0.22.0"
        }
      }
    },
    "kubectl@1.29.2": {
      "last_modified": "2024-03-08T13:51:52Z",
      "resolved": "github:NixOS/nixpkgs/a343533bccc62400e8a9560423486a3b6c11a23b#kubectl",
      "source": "devbox-search",
      "version": "1.29.2",
      "systems": {
        "aarch64-darwin": {
          "outputs": [
            {
              "name": "out",
              "path": "/nix/store/c8dddav5hcxhcnwxw82x09agprl8a3mx-kubectl-1.29.2",
              "default": true
            },
            {
              "name": "man",
              "path": "/nix/store/g62pv8vm57b019d5z02g0cybjajvnfx9-kubectl-1.29.2-man",
              "default": true
            },
            {
              "name": "convert",
              "path": "/nix/store/z5gnhab9yifnyj8fm4rgr0ndd484zfw4-kubectl-1.29.2-convert"
            }
          ],
          "store_path": "/nix/store/c8dddav5hcxhcnwxw82x09agprl8a3mx-kubectl-1.29.2"
        },
        "aarch64-linux": {
          "outputs": [
            {
              "name": "out",
              "path": "/nix/store/c5cj6828nzkp1xd3lq313zf4sw7aydsr-kubectl-1.29.2",
              "default": true
            },
            {
              "name": "man",
              "path": "/nix/store/xdmxyc91qjhkv3xxp8x0q1axkf81xb4c-kubectl-1.29.2-man",
              "default": true
            },
            {
              "name": "convert",
              "path": "/nix/store/r1dx5f7afvvld7lpcmwgc5wfjkn1s71b-kubectl-1.29.2-convert"
            }
          ],
          "store_path": "/nix/store/c5cj6828nzkp1xd3lq313zf4sw7aydsr-kubectl-1.29.2"
        },
        "x86_64-darwin": {
          "outputs": [
            {
              "name": "out",
              "path": "/nix/store/0ffymzkqk38gfhjpxin8n70cw0fqhlcw-kubectl-1.29.2",
              "default": true
            },
            {
              "name": "man",
              "path": "/nix/store/jh7451pv13fsppfmknnd0l4hg1clg8nj-kubectl-1.29.2-man",
              "default": true
            },
            {
              "name": "convert",
              "path": "/nix/store/q1rcb5nix4wrk9cgq8s5b83jb6ms4kci-kubectl-1.29.2-convert"
            }
          ],
          "store_path": "/nix/store/0ffymzkqk38gfhjpxin8n70cw0fqhlcw-kubectl-1.29.2"
        },
        "x86_64-linux": {
          "outputs": [
            {
              "name": "out",
              "path": "/nix/store/4gscw6jfa2xxa7z05pp977618jaxjlcn-kubectl-1.29.2",
              "default": true
            },
            {
              "name": "man",
              "path": "/nix/store/q6bbax3iij6y9ngn9ahli51s3v25y6vb-kubectl-1.29.2-man",
              "default": true
            },
            {
              "name": "convert",
              "path": "/nix/store/q563h2gy8va6q21r0qdjal87qpbd6mz8-kubectl-1.29.2-convert"
            }
          ],
          "store_path": "/nix/store/4gscw6jfa2xxa7z05pp977618jaxjlcn-kubectl-1.29.2"
        }
      }
    },
    "kubernetes-helm@3.14.3": {
      "last_modified": "2024-03-22T11:26:23Z",
      "resolved": "github:NixOS/nixpkgs/a3ed7406349a9335cb4c2a71369b697cecd9d351#kubernetes-helm",
      "source": "devbox-search",
      "version": "3.14.3",
      "systems": {
        "aarch64-darwin": {
          "outputs": [
            {
              "name": "out",
              "path": "/nix/store/nbz58p0ak92q3hqp39mfrvhj33svh3k4-kubernetes-helm-3.14.3",
              "default": true
            }
          ],
          "store_path": "/nix/store/nbz58p0ak92q3hqp39mfrvhj33svh3k4-kubernetes-helm-3.14.3"
        },
        "aarch64-linux": {
          "outputs": [
            {
              "name": "out",
              "path": "/nix/store/1f9184lbcv55mj1sqrrf022r8ln49kpz-kubernetes-helm-3.14.3",
              "default": true
            }
          ],
          "store_path": "/nix/store/1f9184lbcv55mj1sqrrf022r8ln49kpz-kubernetes-helm-3.14.3"
        },
        "x86_64-darwin": {
          "outputs": [
            {
              "name": "out",
              "path": "/nix/store/f2v22pzmbfypqlrniragqbkxmrkk3j4h-kubernetes-helm-3.14.3",
              "default": true
            }
          ],
          "store_path": "/nix/store/f2v22pzmbfypqlrniragqbkxmrkk3j4h-kubernetes-helm-3.14.3"
        },
        "x86_64-linux": {
          "outputs": [
            {
              "name": "out",
              "path": "/nix/store/0vf3gsyjrkxrkwygi3igidd4hzab8iq9-kubernetes-helm-3.14.3",
              "default": true
            }
          ],
          "store_path": "/nix/store/0vf3gsyjrkxrkwygi3igidd4hzab8iq9-kubernetes-helm-3.14.3"
        }
      }
    },
    "teller@1.5.6": {
      "last_modified": "2024-03-22T11:26:23Z",
      "resolved": "github:NixOS/nixpkgs/a3ed7406349a9335cb4c2a71369b697cecd9d351#teller",
      "source": "devbox-search",
      "version": "1.5.6",
      "systems": {
        "aarch64-darwin": {
          "outputs": [
            {
              "name": "out",
              "path": "/nix/store/l2fh3piwbg087wkqriv4znaf9dx290wk-teller-1.5.6",
              "default": true
            }
          ],
          "store_path": "/nix/store/l2fh3piwbg087wkqriv4znaf9dx290wk-teller-1.5.6"
        },
        "aarch64-linux": {
          "outputs": [
            {
              "name": "out",
              "path": "/nix/store/nj5j7m0v2rfnmr9y3y123kzvlm3s7pl8-teller-1.5.6",
              "default": true
            }
          ],
          "store_path": "/nix/store/nj5j7m0v2rfnmr9y3y123kzvlm3s7pl8-teller-1.5.6"
        },
        "x86_64-darwin": {
          "outputs": [
            {
              "name": "out",
              "path": "/nix/store/p7l9dv1nf6pfk34s9jymdqkfx9vq602n-teller-1.5.6",
              "default": true
            }
          ],
          "store_path": "/nix/store/p7l9dv1nf6pfk34s9jymdqkfx9vq602n-teller-1.5.6"
        },
        "x86_64-linux": {
          "outputs": [
            {
              "name": "out",
              "path": "/nix/store/xmkyhmg9qmg74j6pnm7kkchf57qd0xw8-teller-1.5.6",
              "default": true
            }
          ],
          "store_path": "/nix/store/xmkyhmg9qmg74j6pnm7kkchf57qd0xw8-teller-1.5.6"
        }
      }
    },
    "upbound@0.24.2": {
      "last_modified": "2024-03-22T11:26:23Z",
      "resolved": "github:NixOS/nixpkgs/a3ed7406349a9335cb4c2a71369b697cecd9d351#upbound",
      "source": "devbox-search",
      "version": "0.24.2",
      "systems": {
        "aarch64-darwin": {
          "outputs": [
            {
              "name": "out",
              "path": "/nix/store/f18w47fhr17b25bg256skrm15cm3fd5l-upbound-0.24.2",
              "default": true
            }
          ],
          "store_path": "/nix/store/f18w47fhr17b25bg256skrm15cm3fd5l-upbound-0.24.2"
        },
        "aarch64-linux": {
          "outputs": [
            {
              "name": "out",
              "path": "/nix/store/mdpipiqr4nsv0289g9lisc2b9gl3bm8g-upbound-0.24.2",
              "default": true
            }
          ],
          "store_path": "/nix/store/mdpipiqr4nsv0289g9lisc2b9gl3bm8g-upbound-0.24.2"
        },
        "x86_64-darwin": {
          "outputs": [
            {
              "name": "out",
              "path": "/nix/store/5vwk8gqshp61gd631r5srhnxl9bg5day-upbound-0.24.2",
              "default": true
            }
          ],
          "store_path": "/nix/store/5vwk8gqshp61gd631r5srhnxl9bg5day-upbound-0.24.2"
        },
        "x86_64-linux": {
          "outputs": [
            {
              "name": "out",
              "path": "/nix/store/6b8idfhf1ycwf628m6v15p73l2rz99n2-upbound-0.24.2",
              "default": true
            }
          ],
          "store_path": "/nix/store/6b8idfhf1ycwf628m6v15p73l2rz99n2-upbound-0.24.2"
        }
      }
    },
    "yq-go@4.43.1": {
      "last_modified": "2024-03-25T12:46:37Z",
      "resolved": "github:NixOS/nixpkgs/c726225724e681b3626acc941c6f95d2b0602087#yq-go",
      "source": "devbox-search",
      "version": "4.43.1",
      "systems": {
        "aarch64-darwin": {
          "outputs": [
            {
              "name": "out",
              "path": "/nix/store/5gqzwfbar2vc82j77flg7i1d8agmcc7y-yq-go-4.43.1",
              "default": true
            }
          ],
          "store_path": "/nix/store/5gqzwfbar2vc82j77flg7i1d8agmcc7y-yq-go-4.43.1"
        },
        "aarch64-linux": {
          "outputs": [
            {
              "name": "out",
              "path": "/nix/store/bjja1d662jrqr0lssas0jp9cynj9adzp-yq-go-4.43.1",
              "default": true
            }
          ],
          "store_path": "/nix/store/bjja1d662jrqr0lssas0jp9cynj9adzp-yq-go-4.43.1"
        },
        "x86_64-darwin": {
          "outputs": [
            {
              "name": "out",
              "path": "/nix/store/bqv6m9lccbvspgmypalx0xx7d1yqhf82-yq-go-4.43.1",
              "default": true
            }
          ],
          "store_path": "/nix/store/bqv6m9lccbvspgmypalx0xx7d1yqhf82-yq-go-4.43.1"
        },
        "x86_64-linux": {
          "outputs": [
            {
              "name": "out",
              "path": "/nix/store/3gwba964ilfwxnhlqv8wwp8yc1wskxr2-yq-go-4.43.1",
              "default": true
            }
          ],
          "store_path": "/nix/store/3gwba964ilfwxnhlqv8wwp8yc1wskxr2-yq-go-4.43.1"
        }
      }
    }
  }
}
